
Microsoft Visual Studio Solution File, Format Version 12.00
# Visual Studio Version 17
VisualStudioVersion = 17.3.32825.248
MinimumVisualStudioVersion = 10.0.40219.1
Project("{FAE04EC0-301F-11D3-BF4B-00C04F79EFBC}") = "BTP_API", "BTP_API\BTP_API.csproj", "{31D09AAE-AA88-438D-A768-DB1F8F776D6F}"
EndProject
Global
	GlobalSection(SolutionConfigurationPlatforms) = preSolution
		Debug|Any CPU = Debug|Any CPU
		Release|Any CPU = Release|Any CPU
	EndGlobalSection
	GlobalSection(ProjectConfigurationPlatforms) = postSolution
		{31D09AAE-AA88-438D-A768-DB1F8F776D6F}.Debug|Any CPU.ActiveCfg = Debug|Any CPU
		{31D09AAE-AA88-438D-A768-DB1F8F776D6F}.Debug|Any CPU.Build.0 = Debug|Any CPU
		{31D09AAE-AA88-438D-A768-DB1F8F776D6F}.Release|Any CPU.ActiveCfg = Release|Any CPU
		{31D09AAE-AA88-438D-A768-DB1F8F776D6F}.Release|Any CPU.Build.0 = Release|Any CPU
	EndGlobalSection
	GlobalSection(SolutionProperties) = preSolution
		HideSolutionNode = FALSE
	EndGlobalSection
	GlobalSection(ExtensibilityGlobals) = postSolution
		SolutionGuid = {10FEFA29-0F45-4147-A5A4-218CAD302E2B}
	EndGlobalSection
EndGlobal
